github.com/acoshift/arpc/v2 v2.1.5 h1:YK+VZop41+nwvM6MPfjWd25h58vb2VbM96djR0NkGCg=
github.com/acoshift/arpc/v2 v2.1.5/go.mod h1:1bdfjw4BcLrnSCZhsK1Nl/70nxYoCnhlDL1BXHM6GV4=
github.com/aidarkhanov/nanoid/v2 v2.0.5 h1:HLx5RyDuvOZ6YxlhYTxSU8Il+q7xVKmXM62MfSxziN0=
github.com/aidarkhanov/nanoid/v2 v2.0.5/go.mod h1:YF/U48D1yA3AoGGUdRrCV95J/KJBShvR9TyLqQwdtlI=
github.com/davecgh/go-spew v1.1.1 h1:vj9j/u1bqnvCEfJOwUhtlOARqs3+rkHYY13jYWTU97c=
github.com/davecgh/go-spew v1.1.1/go.mod h1:J7Y8YcW2NihsgmVo/mv3lAwl/skON4iLHjSsI+c5H38=
github.com/dnjooiopa/configfile v0.0.0-20240213020751-a2d9fa8181e2 h1:p9H7SzrNerNkomUoOfVVQ67AI93yVP0F6OTC0EcdA9s=
github.com/dnjooiopa/configfile v0.0.0-20240213020751-a2d9fa8181e2/go.mod h1:o2bEJKB0NTt2g7Bwxc+voqOrQ8KSFBRJB4OL9yFnZJ8=
github.com/joho/godotenv v1.5.1 h1:7eLL/+HRGLY0ldzfGMeQkb7vMd0as4CfYvUVzLqw0N0=
github.com/joho/godotenv v1.5.1/go.mod h1:f4LDr5Voq0i2e/R5DDNOoa2zzDfwtkZa6DnEwAbqwq4=
github.com/kavu/go_reuseport v1.5.0 h1:UNuiY2OblcqAtVDE8Gsg1kZz8zbBWg907sP1ceBV+bk=
github.com/kavu/go_reuseport v1.5.0/go.mod h1:CG8Ee7ceMFSMnx/xr25Vm0qXaj2Z4i5PWoUx+JZ5/CU=
github.com/mattn/go-sqlite3 v1.14.22 h1:2gZY6PC6kBnID23Tichd1K+Z0oS6nE/XwU+Vz/5o4kU=
github.com/mattn/go-sqlite3 v1.14.22/go.mod h1:Uh1q+B4BYcTPb+yiD3kU8Ct7aC0hY9fxUwlHK0RXw+Y=
github.com/moonrhythm/httpmux v1.2.0 h1:9MxKlpRyolg3GDySJGyf4phogVpaClkhbec5eFEu32U=
github.com/moonrhythm/httpmux v1.2.0/go.mod h1:h2GSszA6yEUZiksc9kVNiteLrYeXhDKH9zNaN7RglVE=
github.com/moonrhythm/parapet v0.13.4 h1:EKK6Fk1YHhZE6dPzytiRaNA7Li6BWABfMbvvXHixGfw=
github.com/moonrhythm/parapet v0.13.4/go.mod h1:Cds0PrfsvIuytXKsrBeWhgNMfjwpa1PhTQs1MP2O0Qs=
github.com/moonrhythm/validator v1.3.0 h1:OzZSW8Xtb66Gz7SA8qzY3ANupgdMojLFC1imDs1utOM=
github.com/moonrhythm/validator v1.3.0/go.mod h1:gbDyBOwWGzphP8K2Sdrd9+MveRVxzxm+ezecimvu9UU=
github.com/pmezard/go-difflib v1.0.0 h1:4DBwDE0NGyQoBHbLQYPwSUPoCMWR5BEzIk/f1lZbAQM=
github.com/pmezard/go-difflib v1.0.0/go.mod h1:iKH77koFhYxTK1pcRnkKkqfTogsbg7gZNVY4sRDYZ/4=
github.com/stretchr/testify v1.9.0 h1:HtqpIVDClZ4nwg75+f6Lvsy/wHu+3BoSGCbBAcpTsTg=
github.com/stretchr/testify v1.9.0/go.mod h1:r2ic/lqez/lEtzL7wO/rwa5dbSLXVDPFyf8C91i36aY=
golang.org/x/net v0.22.0 h1:9sGLhx7iRIHEiX0oAJ3MRZMUCElJgy7Br1nO+AMN3Tc=
golang.org/x/net v0.22.0/go.mod h1:JKghWKKOSdJwpW2GEx0Ja7fmaKnMsbu+MWVZTokSYmg=
golang.org/x/text v0.14.0 h1:ScX5w1eTa3QqT8oi6+ziP7dTV1S2+ALU0bI+0zXKWiQ=
golang.org/x/text v0.14.0/go.mod h1:18ZOQIKpY8NJVqYksKHtTdi31H5itFRjB5/qKTNYzSU=
gopkg.in/check.v1 v0.0.0-20161208181325-20d25e280405 h1:yhCVgyC4o1eVCa2tZl7eS0r+SDo693bJlVdllGtEeKM=
gopkg.in/check.v1 v0.0.0-20161208181325-20d25e280405/go.mod h1:Co6ibVJAznAaIkqp8huTwlJQCZ016jof/cbN4VW5Yz0=
gopkg.in/yaml.v3 v3.0.1 h1:fxVm/GzAzEWqLHuvctI91KS9hhNmmWOoWu0XTYJS7CA=
gopkg.in/yaml.v3 v3.0.1/go.mod h1:K4uyk7z7BCEPqu6E+C64Yfv1cQ7kz7rIZviUmN+EgEM=
